{
  "pins" : [
    {
      "identity" : "keyboardshortcuts",
      "kind" : "remoteSourceControl",
      "location" : "git@github.com:sindresorhus/KeyboardShortcuts.git",
      "state" : {
        "revision" : "1aef85578fdd4f9eaeeb8d53b7b4fc31bf08fe27",
        "version" : "2.4.0"
      }
    },
    {
      "identity" : "memoirs-ios",
      "kind" : "remoteSourceControl",
      "location" : "git@github.com:redmadrobot-spb/memoirs-ios.git",
      "state" : {
        "revision" : "e44197b092166fa66f54c13ad46601872aa837de"
      }
    }
  ],
  "version" : 2
}
