{
  "pins" : [
    {
      "identity" : "keyboardshortcuts",
      "kind" : "remoteSourceControl",
      "location" : "git@github.com:sindresorhus/KeyboardShortcuts.git",
      "state" : {
        "revision" : "c252200141e4abaecf30c14ea474dc009f56d553",
        "version" : "1.16.1"
      }
    },
    {
      "identity" : "memoirs-ios",
      "kind" : "remoteSourceControl",
      "location" : "git@github.com:redmadrobot-spb/memoirs-ios.git",
      "state" : {
        "revision" : "fc33c113628506ce8338c2a5216b7fff6af87e30"
      }
    }
  ],
  "version" : 2
}
